// !$*UTF8*$!
{
	archiveVersion = 1;
	classes = {
	};
	objectVersion = 46;
	objects = {

/* Begin PBXBuildFile section */
		F91011FE1993F25C006164A5 /* ShieldEffect.sks in Resources */ = {isa = PBXBuildFile; fileRef = F91011FD1993F25C006164A5 /* ShieldEffect.sks */; };
		F91E103219935F5A003D339E /* GameKit.framework in Frameworks */ = {isa = PBXBuildFile; fileRef = F91E103119935F5A003D339E /* GameKit.framework */; };
		F91E103519937AAE003D339E /* GameCenter.m in Sources */ = {isa = PBXBuildFile; fileRef = F91E103419937AAE003D339E /* GameCenter.m */; };
		F9223A221992930F000163F9 /* Help.m in Sources */ = {isa = PBXBuildFile; fileRef = F9223A211992930F000163F9 /* Help.m */; };
		F9223A2619929A3B000163F9 /* LevelUpEffect.sks in Resources */ = {isa = PBXBuildFile; fileRef = F9223A2519929A3B000163F9 /* LevelUpEffect.sks */; };
		F9223A2919929B1A000163F9 /* BulletHitEffect.sks in Resources */ = {isa = PBXBuildFile; fileRef = F9223A2719929B1A000163F9 /* BulletHitEffect.sks */; };
		F95FC9F1199625A800148700 /* BubbleEffect.sks in Resources */ = {isa = PBXBuildFile; fileRef = F95FC9EF199625A800148700 /* BubbleEffect.sks */; };
		F970DA4D19911A0500400798 /* ChargerEffect.sks in Resources */ = {isa = PBXBuildFile; fileRef = F970DA4B19911A0500400798 /* ChargerEffect.sks */; };
		F970DA501991264400400798 /* DischargerEffect.sks in Resources */ = {isa = PBXBuildFile; fileRef = F970DA4F1991264400400798 /* DischargerEffect.sks */; };
		F9A7C5C0198E968A0055A5BE /* Foundation.framework in Frameworks */ = {isa = PBXBuildFile; fileRef = F9A7C5BF198E968A0055A5BE /* Foundation.framework */; };
		F9A7C5C2198E968A0055A5BE /* CoreGraphics.framework in Frameworks */ = {isa = PBXBuildFile; fileRef = F9A7C5C1198E968A0055A5BE /* CoreGraphics.framework */; };
		F9A7C5C4198E968A0055A5BE /* UIKit.framework in Frameworks */ = {isa = PBXBuildFile; fileRef = F9A7C5C3198E968A0055A5BE /* UIKit.framework */; };
		F9A7C5C6198E968A0055A5BE /* SpriteKit.framework in Frameworks */ = {isa = PBXBuildFile; fileRef = F9A7C5C5198E968A0055A5BE /* SpriteKit.framework */; };
		F9A7C5CC198E968A0055A5BE /* InfoPlist.strings in Resources */ = {isa = PBXBuildFile; fileRef = F9A7C5CA198E968A0055A5BE /* InfoPlist.strings */; };
		F9A7C5CE198E968A0055A5BE /* main.m in Sources */ = {isa = PBXBuildFile; fileRef = F9A7C5CD198E968A0055A5BE /* main.m */; };
		F9A7C5D2198E968A0055A5BE /* AppDelegate.m in Sources */ = {isa = PBXBuildFile; fileRef = F9A7C5D1198E968A0055A5BE /* AppDelegate.m */; };
		F9A7C5D5198E968A0055A5BE /* Main_iPhone.storyboard in Resources */ = {isa = PBXBuildFile; fileRef = F9A7C5D3198E968A0055A5BE /* Main_iPhone.storyboard */; };
		F9A7C5D8198E968A0055A5BE /* Main_iPad.storyboard in Resources */ = {isa = PBXBuildFile; fileRef = F9A7C5D6198E968A0055A5BE /* Main_iPad.storyboard */; };
		F9A7C5E2198E968A0055A5BE /* Images.xcassets in Resources */ = {isa = PBXBuildFile; fileRef = F9A7C5E1198E968A0055A5BE /* Images.xcassets */; };
		F9A7C5E9198E968A0055A5BE /* XCTest.framework in Frameworks */ = {isa = PBXBuildFile; fileRef = F9A7C5E8198E968A0055A5BE /* XCTest.framework */; };
		F9A7C5EA198E968A0055A5BE /* Foundation.framework in Frameworks */ = {isa = PBXBuildFile; fileRef = F9A7C5BF198E968A0055A5BE /* Foundation.framework */; };
		F9A7C5EB198E968A0055A5BE /* UIKit.framework in Frameworks */ = {isa = PBXBuildFile; fileRef = F9A7C5C3198E968A0055A5BE /* UIKit.framework */; };
		F9A7C5F3198E968A0055A5BE /* InfoPlist.strings in Resources */ = {isa = PBXBuildFile; fileRef = F9A7C5F1198E968A0055A5BE /* InfoPlist.strings */; };
		F9A7C5F5198E968A0055A5BE /* EleczonTests.m in Sources */ = {isa = PBXBuildFile; fileRef = F9A7C5F4198E968A0055A5BE /* EleczonTests.m */; };
		F9A7C608198E96E30055A5BE /* GameOver.m in Sources */ = {isa = PBXBuildFile; fileRef = F9A7C601198E96E30055A5BE /* GameOver.m */; };
		F9A7C609198E96E30055A5BE /* Level.m in Sources */ = {isa = PBXBuildFile; fileRef = F9A7C603198E96E30055A5BE /* Level.m */; };
		F9A7C60A198E96E30055A5BE /* MyScene.m in Sources */ = {isa = PBXBuildFile; fileRef = F9A7C605198E96E30055A5BE /* MyScene.m */; };
		F9A7C60B198E96E30055A5BE /* ViewController.m in Sources */ = {isa = PBXBuildFile; fileRef = F9A7C607198E96E30055A5BE /* ViewController.m */; };
		F9BBB5A4199FC2C300052EE9 /* Bomb.caf in Resources */ = {isa = PBXBuildFile; fileRef = F9BBB59A199FC2C300052EE9 /* Bomb.caf */; };
		F9BBB5A5199FC2C300052EE9 /* BulletHit.caf in Resources */ = {isa = PBXBuildFile; fileRef = F9BBB59B199FC2C300052EE9 /* BulletHit.caf */; };
		F9BBB5A6199FC2C300052EE9 /* Charger.caf in Resources */ = {isa = PBXBuildFile; fileRef = F9BBB59C199FC2C300052EE9 /* Charger.caf */; };
		F9BBB5A7199FC2C300052EE9 /* Discharge.caf in Resources */ = {isa = PBXBuildFile; fileRef = F9BBB59D199FC2C300052EE9 /* Discharge.caf */; };
		F9BBB5A8199FC2C300052EE9 /* GameOver.caf in Resources */ = {isa = PBXBuildFile; fileRef = F9BBB59E199FC2C300052EE9 /* GameOver.caf */; };
		F9BBB5A9199FC2C300052EE9 /* GameStartup.caf in Resources */ = {isa = PBXBuildFile; fileRef = F9BBB59F199FC2C300052EE9 /* GameStartup.caf */; };
		F9BBB5AA199FC2C300052EE9 /* Shield.caf in Resources */ = {isa = PBXBuildFile; fileRef = F9BBB5A0199FC2C300052EE9 /* Shield.caf */; };
		F9BBB5AB199FC2C300052EE9 /* Thunder.caf in Resources */ = {isa = PBXBuildFile; fileRef = F9BBB5A1199FC2C300052EE9 /* Thunder.caf */; };
		F9BBB5AC199FC2C300052EE9 /* Ting.caf in Resources */ = {isa = PBXBuildFile; fileRef = F9BBB5A2199FC2C300052EE9 /* Ting.caf */; };
		F9BBB5AD199FC2C300052EE9 /* Tornado.caf in Resources */ = {isa = PBXBuildFile; fileRef = F9BBB5A3199FC2C300052EE9 /* Tornado.caf */; };
		F9C48AA7199A8AB30080BDAD /* Artwork.atlas in Resources */ = {isa = PBXBuildFile; fileRef = F9C48AA6199A8AB30080BDAD /* Artwork.atlas */; };
		F9C48AB0199A8AC70080BDAD /* background.png in Resources */ = {isa = PBXBuildFile; fileRef = F9C48AA8199A8AC70080BDAD /* background.png */; };
		F9C48AB1199A8AC70080BDAD /* background@2x.png in Resources */ = {isa = PBXBuildFile; fileRef = F9C48AA9199A8AC70080BDAD /* background@2x.png */; };
		F9C48AB2199A8AC70080BDAD /* background@2x~ipad.png in Resources */ = {isa = PBXBuildFile; fileRef = F9C48AAA199A8AC70080BDAD /* background@2x~ipad.png */; };
		F9C48AB3199A8AC70080BDAD /* background~ipad.png in Resources */ = {isa = PBXBuildFile; fileRef = F9C48AAB199A8AC70080BDAD /* background~ipad.png */; };
		F9C48AB4199A8AC70080BDAD /* Background2.png in Resources */ = {isa = PBXBuildFile; fileRef = F9C48AAC199A8AC70080BDAD /* Background2.png */; };
		F9C48AB5199A8AC70080BDAD /* Background2@2x.png in Resources */ = {isa = PBXBuildFile; fileRef = F9C48AAD199A8AC70080BDAD /* Background2@2x.png */; };
		F9C48AB6199A8AC70080BDAD /* Background2@2x~ipad.png in Resources */ = {isa = PBXBuildFile; fileRef = F9C48AAE199A8AC70080BDAD /* Background2@2x~ipad.png */; };
		F9C48AB7199A8AC70080BDAD /* Background2~ipad.png in Resources */ = {isa = PBXBuildFile; fileRef = F9C48AAF199A8AC70080BDAD /* Background2~ipad.png */; };
/* End PBXBuildFile section */

/* Begin PBXContainerItemProxy section */
		F9A7C5EC198E968A0055A5BE /* PBXContainerItemProxy */ = {
			isa = PBXContainerItemProxy;
			containerPortal = F9A7C5B4198E968A0055A5BE /* Project object */;
			proxyType = 1;
			remoteGlobalIDString = F9A7C5BB198E968A0055A5BE;
			remoteInfo = Eleczon;
		};
/* End PBXContainerItemProxy section */

/* Begin PBXFileReference section */
		F91011FD1993F25C006164A5 /* ShieldEffect.sks */ = {isa = PBXFileReference; lastKnownFileType = file.sks; path = ShieldEffect.sks; sourceTree = "<group>"; };
		F91E103119935F5A003D339E /* GameKit.framework */ = {isa = PBXFileReference; lastKnownFileType = wrapper.framework; name = GameKit.framework; path = System/Library/Frameworks/GameKit.framework; sourceTree = SDKROOT; };
		F91E103319937AAE003D339E /* GameCenter.h */ = {isa = PBXFileReference; fileEncoding = 4; lastKnownFileType = sourcecode.c.h; path = GameCenter.h; sourceTree = "<group>"; };
		F91E103419937AAE003D339E /* GameCenter.m */ = {isa = PBXFileReference; fileEncoding = 4; lastKnownFileType = sourcecode.c.objc; path = GameCenter.m; sourceTree = "<group>"; };
		F9223A201992930F000163F9 /* Help.h */ = {isa = PBXFileReference; fileEncoding = 4; lastKnownFileType = sourcecode.c.h; path = Help.h; sourceTree = "<group>"; };
		F9223A211992930F000163F9 /* Help.m */ = {isa = PBXFileReference; fileEncoding = 4; lastKnownFileType = sourcecode.c.objc; path = Help.m; sourceTree = "<group>"; };
		F9223A2519929A3B000163F9 /* LevelUpEffect.sks */ = {isa = PBXFileReference; lastKnownFileType = file.sks; path = LevelUpEffect.sks; sourceTree = "<group>"; };
		F9223A2719929B1A000163F9 /* BulletHitEffect.sks */ = {isa = PBXFileReference; lastKnownFileType = file.sks; name = BulletHitEffect.sks; path = ../BulletHitEffect.sks; sourceTree = "<group>"; };
		F95FC9EF199625A800148700 /* BubbleEffect.sks */ = {isa = PBXFileReference; lastKnownFileType = file.sks; path = BubbleEffect.sks; sourceTree = "<group>"; };
		F970DA4B19911A0500400798 /* ChargerEffect.sks */ = {isa = PBXFileReference; lastKnownFileType = file.sks; path = ChargerEffect.sks; sourceTree = "<group>"; };
		F970DA4F1991264400400798 /* DischargerEffect.sks */ = {isa = PBXFileReference; lastKnownFileType = file.sks; path = DischargerEffect.sks; sourceTree = "<group>"; };
		F9A7C5BC198E968A0055A5BE /* Eleczon.app */ = {isa = PBXFileReference; explicitFileType = wrapper.application; includeInIndex = 0; path = Eleczon.app; sourceTree = BUILT_PRODUCTS_DIR; };
		F9A7C5BF198E968A0055A5BE /* Foundation.framework */ = {isa = PBXFileReference; lastKnownFileType = wrapper.framework; name = Foundation.framework; path = System/Library/Frameworks/Foundation.framework; sourceTree = SDKROOT; };
		F9A7C5C1198E968A0055A5BE /* CoreGraphics.framework */ = {isa = PBXFileReference; lastKnownFileType = wrapper.framework; name = CoreGraphics.framework; path = System/Library/Frameworks/CoreGraphics.framework; sourceTree = SDKROOT; };
		F9A7C5C3198E968A0055A5BE /* UIKit.framework */ = {isa = PBXFileReference; lastKnownFileType = wrapper.framework; name = UIKit.framework; path = System/Library/Frameworks/UIKit.framework; sourceTree = SDKROOT; };
		F9A7C5C5198E968A0055A5BE /* SpriteKit.framework */ = {isa = PBXFileReference; lastKnownFileType = wrapper.framework; name = SpriteKit.framework; path = System/Library/Frameworks/SpriteKit.framework; sourceTree = SDKROOT; };
		F9A7C5C9198E968A0055A5BE /* Eleczon-Info.plist */ = {isa = PBXFileReference; lastKnownFileType = text.plist.xml; path = "Eleczon-Info.plist"; sourceTree = "<group>"; };
		F9A7C5CB198E968A0055A5BE /* en */ = {isa = PBXFileReference; lastKnownFileType = text.plist.strings; name = en; path = en.lproj/InfoPlist.strings; sourceTree = "<group>"; };
		F9A7C5CD198E968A0055A5BE /* main.m */ = {isa = PBXFileReference; lastKnownFileType = sourcecode.c.objc; path = main.m; sourceTree = "<group>"; };
		F9A7C5CF198E968A0055A5BE /* Eleczon-Prefix.pch */ = {isa = PBXFileReference; lastKnownFileType = sourcecode.c.h; path = "Eleczon-Prefix.pch"; sourceTree = "<group>"; };
		F9A7C5D0198E968A0055A5BE /* AppDelegate.h */ = {isa = PBXFileReference; lastKnownFileType = sourcecode.c.h; path = AppDelegate.h; sourceTree = "<group>"; };
		F9A7C5D1198E968A0055A5BE /* AppDelegate.m */ = {isa = PBXFileReference; lastKnownFileType = sourcecode.c.objc; path = AppDelegate.m; sourceTree = "<group>"; };
		F9A7C5D4198E968A0055A5BE /* Base */ = {isa = PBXFileReference; lastKnownFileType = file.storyboard; name = Base; path = Base.lproj/Main_iPhone.storyboard; sourceTree = "<group>"; };
		F9A7C5D7198E968A0055A5BE /* Base */ = {isa = PBXFileReference; lastKnownFileType = file.storyboard; name = Base; path = Base.lproj/Main_iPad.storyboard; sourceTree = "<group>"; };
		F9A7C5E1198E968A0055A5BE /* Images.xcassets */ = {isa = PBXFileReference; lastKnownFileType = folder.assetcatalog; path = Images.xcassets; sourceTree = "<group>"; };
		F9A7C5E7198E968A0055A5BE /* EleczonTests.xctest */ = {isa = PBXFileReference; explicitFileType = wrapper.cfbundle; includeInIndex = 0; path = EleczonTests.xctest; sourceTree = BUILT_PRODUCTS_DIR; };
		F9A7C5E8198E968A0055A5BE /* XCTest.framework */ = {isa = PBXFileReference; lastKnownFileType = wrapper.framework; name = XCTest.framework; path = Library/Frameworks/XCTest.framework; sourceTree = DEVELOPER_DIR; };
		F9A7C5F0198E968A0055A5BE /* EleczonTests-Info.plist */ = {isa = PBXFileReference; lastKnownFileType = text.plist.xml; path = "EleczonTests-Info.plist"; sourceTree = "<group>"; };
		F9A7C5F2198E968A0055A5BE /* en */ = {isa = PBXFileReference; lastKnownFileType = text.plist.strings; name = en; path = en.lproj/InfoPlist.strings; sourceTree = "<group>"; };
		F9A7C5F4198E968A0055A5BE /* EleczonTests.m */ = {isa = PBXFileReference; lastKnownFileType = sourcecode.c.objc; path = EleczonTests.m; sourceTree = "<group>"; };
		F9A7C600198E96E30055A5BE /* GameOver.h */ = {isa = PBXFileReference; fileEncoding = 4; lastKnownFileType = sourcecode.c.h; path = GameOver.h; sourceTree = "<group>"; };
		F9A7C601198E96E30055A5BE /* GameOver.m */ = {isa = PBXFileReference; fileEncoding = 4; lastKnownFileType = sourcecode.c.objc; path = GameOver.m; sourceTree = "<group>"; };
		F9A7C602198E96E30055A5BE /* Level.h */ = {isa = PBXFileReference; fileEncoding = 4; lastKnownFileType = sourcecode.c.h; path = Level.h; sourceTree = "<group>"; };
		F9A7C603198E96E30055A5BE /* Level.m */ = {isa = PBXFileReference; fileEncoding = 4; lastKnownFileType = sourcecode.c.objc; path = Level.m; sourceTree = "<group>"; };
		F9A7C604198E96E30055A5BE /* MyScene.h */ = {isa = PBXFileReference; fileEncoding = 4; lastKnownFileType = sourcecode.c.h; path = MyScene.h; sourceTree = "<group>"; };
		F9A7C605198E96E30055A5BE /* MyScene.m */ = {isa = PBXFileReference; fileEncoding = 4; lastKnownFileType = sourcecode.c.objc; path = MyScene.m; sourceTree = "<group>"; };
		F9A7C606198E96E30055A5BE /* ViewController.h */ = {isa = PBXFileReference; fileEncoding = 4; lastKnownFileType = sourcecode.c.h; path = ViewController.h; sourceTree = "<group>"; };
		F9A7C607198E96E30055A5BE /* ViewController.m */ = {isa = PBXFileReference; fileEncoding = 4; lastKnownFileType = sourcecode.c.objc; path = ViewController.m; sourceTree = "<group>"; };
		F9BBB59A199FC2C300052EE9 /* Bomb.caf */ = {isa = PBXFileReference; lastKnownFileType = file; path = Bomb.caf; sourceTree = "<group>"; };
		F9BBB59B199FC2C300052EE9 /* BulletHit.caf */ = {isa = PBXFileReference; lastKnownFileType = file; path = BulletHit.caf; sourceTree = "<group>"; };
		F9BBB59C199FC2C300052EE9 /* Charger.caf */ = {isa = PBXFileReference; lastKnownFileType = file; path = Charger.caf; sourceTree = "<group>"; };
		F9BBB59D199FC2C300052EE9 /* Discharge.caf */ = {isa = PBXFileReference; lastKnownFileType = file; path = Discharge.caf; sourceTree = "<group>"; };
		F9BBB59E199FC2C300052EE9 /* GameOver.caf */ = {isa = PBXFileReference; lastKnownFileType = file; path = GameOver.caf; sourceTree = "<group>"; };
		F9BBB59F199FC2C300052EE9 /* GameStartup.caf */ = {isa = PBXFileReference; lastKnownFileType = file; path = GameStartup.caf; sourceTree = "<group>"; };
		F9BBB5A0199FC2C300052EE9 /* Shield.caf */ = {isa = PBXFileReference; lastKnownFileType = file; path = Shield.caf; sourceTree = "<group>"; };
		F9BBB5A1199FC2C300052EE9 /* Thunder.caf */ = {isa = PBXFileReference; lastKnownFileType = file; path = Thunder.caf; sourceTree = "<group>"; };
		F9BBB5A2199FC2C300052EE9 /* Ting.caf */ = {isa = PBXFileReference; lastKnownFileType = file; path = Ting.caf; sourceTree = "<group>"; };
		F9BBB5A3199FC2C300052EE9 /* Tornado.caf */ = {isa = PBXFileReference; lastKnownFileType = file; path = Tornado.caf; sourceTree = "<group>"; };
		F9C48AA6199A8AB30080BDAD /* Artwork.atlas */ = {isa = PBXFileReference; lastKnownFileType = folder.skatlas; path = Artwork.atlas; sourceTree = "<group>"; };
		F9C48AA8199A8AC70080BDAD /* background.png */ = {isa = PBXFileReference; lastKnownFileType = image.png; path = background.png; sourceTree = "<group>"; };
		F9C48AA9199A8AC70080BDAD /* background@2x.png */ = {isa = PBXFileReference; lastKnownFileType = image.png; path = "background@2x.png"; sourceTree = "<group>"; };
		F9C48AAA199A8AC70080BDAD /* background@2x~ipad.png */ = {isa = PBXFileReference; lastKnownFileType = image.png; path = "background@2x~ipad.png"; sourceTree = "<group>"; };
		F9C48AAB199A8AC70080BDAD /* background~ipad.png */ = {isa = PBXFileReference; lastKnownFileType = image.png; path = "background~ipad.png"; sourceTree = "<group>"; };
		F9C48AAC199A8AC70080BDAD /* Background2.png */ = {isa = PBXFileReference; lastKnownFileType = image.png; path = Background2.png; sourceTree = "<group>"; };
		F9C48AAD199A8AC70080BDAD /* Background2@2x.png */ = {isa = PBXFileReference; lastKnownFileType = image.png; path = "Background2@2x.png"; sourceTree = "<group>"; };
		F9C48AAE199A8AC70080BDAD /* Background2@2x~ipad.png */ = {isa = PBXFileReference; lastKnownFileType = image.png; path = "Background2@2x~ipad.png"; sourceTree = "<group>"; };
		F9C48AAF199A8AC70080BDAD /* Background2~ipad.png */ = {isa = PBXFileReference; lastKnownFileType = image.png; path = "Background2~ipad.png"; sourceTree = "<group>"; };
/* End PBXFileReference section */

/* Begin PBXFrameworksBuildPhase section */
		F9A7C5B9198E968A0055A5BE /* Frameworks */ = {
			isa = PBXFrameworksBuildPhase;
			buildActionMask = 2147483647;
			files = (
				F9A7C5C2198E968A0055A5BE /* CoreGraphics.framework in Frameworks */,
				F9A7C5C4198E968A0055A5BE /* UIKit.framework in Frameworks */,
				F9A7C5C6198E968A0055A5BE /* SpriteKit.framework in Frameworks */,
				F9A7C5C0198E968A0055A5BE /* Foundation.framework in Frameworks */,
				F91E103219935F5A003D339E /* GameKit.framework in Frameworks */,
			);
			runOnlyForDeploymentPostprocessing = 0;
		};
		F9A7C5E4198E968A0055A5BE /* Frameworks */ = {
			isa = PBXFrameworksBuildPhase;
			buildActionMask = 2147483647;
			files = (
				F9A7C5E9198E968A0055A5BE /* XCTest.framework in Frameworks */,
				F9A7C5EB198E968A0055A5BE /* UIKit.framework in Frameworks */,
				F9A7C5EA198E968A0055A5BE /* Foundation.framework in Frameworks */,
			);
			runOnlyForDeploymentPostprocessing = 0;
		};
/* End PBXFrameworksBuildPhase section */

/* Begin PBXGroup section */
		F9A7C5B3198E968A0055A5BE = {
			isa = PBXGroup;
			children = (
				F9A7C5C7198E968A0055A5BE /* Eleczon */,
				F9A7C5EE198E968A0055A5BE /* EleczonTests */,
				F9A7C5BE198E968A0055A5BE /* Frameworks */,
				F9A7C5BD198E968A0055A5BE /* Products */,
			);
			sourceTree = "<group>";
		};
		F9A7C5BD198E968A0055A5BE /* Products */ = {
			isa = PBXGroup;
			children = (
				F9A7C5BC198E968A0055A5BE /* Eleczon.app */,
				F9A7C5E7198E968A0055A5BE /* EleczonTests.xctest */,
			);
			name = Products;
			sourceTree = "<group>";
		};
		F9A7C5BE198E968A0055A5BE /* Frameworks */ = {
			isa = PBXGroup;
			children = (
				F91E103119935F5A003D339E /* GameKit.framework */,
				F9A7C5BF198E968A0055A5BE /* Foundation.framework */,
				F9A7C5C1198E968A0055A5BE /* CoreGraphics.framework */,
				F9A7C5C3198E968A0055A5BE /* UIKit.framework */,
				F9A7C5C5198E968A0055A5BE /* SpriteKit.framework */,
				F9A7C5E8198E968A0055A5BE /* XCTest.framework */,
			);
			name = Frameworks;
			sourceTree = "<group>";
		};
		F9A7C5C7198E968A0055A5BE /* Eleczon */ = {
			isa = PBXGroup;
			children = (
				F9C48AA6199A8AB30080BDAD /* Artwork.atlas */,
				F9223A2719929B1A000163F9 /* BulletHitEffect.sks */,
				F9223A2519929A3B000163F9 /* LevelUpEffect.sks */,
				F9A7C600198E96E30055A5BE /* GameOver.h */,
				F9A7C601198E96E30055A5BE /* GameOver.m */,
				F9A7C602198E96E30055A5BE /* Level.h */,
				F9A7C603198E96E30055A5BE /* Level.m */,
				F9223A201992930F000163F9 /* Help.h */,
				F9223A211992930F000163F9 /* Help.m */,
				F91011FD1993F25C006164A5 /* ShieldEffect.sks */,
				F970DA4F1991264400400798 /* DischargerEffect.sks */,
				F970DA4B19911A0500400798 /* ChargerEffect.sks */,
				F9A7C604198E96E30055A5BE /* MyScene.h */,
				F9A7C605198E96E30055A5BE /* MyScene.m */,
				F9A7C606198E96E30055A5BE /* ViewController.h */,
				F9A7C607198E96E30055A5BE /* ViewController.m */,
				F91E103319937AAE003D339E /* GameCenter.h */,
				F91E103419937AAE003D339E /* GameCenter.m */,
				F9A7C5D0198E968A0055A5BE /* AppDelegate.h */,
				F9A7C5D1198E968A0055A5BE /* AppDelegate.m */,
				F9A7C5D3198E968A0055A5BE /* Main_iPhone.storyboard */,
				F9A7C5D6198E968A0055A5BE /* Main_iPad.storyboard */,
				F9A7C5E1198E968A0055A5BE /* Images.xcassets */,
				F9A7C5C8198E968A0055A5BE /* Supporting Files */,
				F95FC9EF199625A800148700 /* BubbleEffect.sks */,
			);
			path = Eleczon;
			sourceTree = "<group>";
		};
		F9A7C5C8198E968A0055A5BE /* Supporting Files */ = {
			isa = PBXGroup;
			children = (
				F9BBB59A199FC2C300052EE9 /* Bomb.caf */,
				F9BBB59B199FC2C300052EE9 /* BulletHit.caf */,
				F9BBB59C199FC2C300052EE9 /* Charger.caf */,
				F9BBB59D199FC2C300052EE9 /* Discharge.caf */,
				F9BBB59E199FC2C300052EE9 /* GameOver.caf */,
				F9BBB59F199FC2C300052EE9 /* GameStartup.caf */,
				F9BBB5A0199FC2C300052EE9 /* Shield.caf */,
				F9BBB5A1199FC2C300052EE9 /* Thunder.caf */,
				F9BBB5A2199FC2C300052EE9 /* Ting.caf */,
				F9BBB5A3199FC2C300052EE9 /* Tornado.caf */,
				F9C48AA8199A8AC70080BDAD /* background.png */,
				F9C48AA9199A8AC70080BDAD /* background@2x.png */,
				F9C48AAA199A8AC70080BDAD /* background@2x~ipad.png */,
				F9C48AAB199A8AC70080BDAD /* background~ipad.png */,
				F9C48AAC199A8AC70080BDAD /* Background2.png */,
				F9C48AAD199A8AC70080BDAD /* Background2@2x.png */,
				F9C48AAE199A8AC70080BDAD /* Background2@2x~ipad.png */,
				F9C48AAF199A8AC70080BDAD /* Background2~ipad.png */,
				F9A7C5C9198E968A0055A5BE /* Eleczon-Info.plist */,
				F9A7C5CA198E968A0055A5BE /* InfoPlist.strings */,
				F9A7C5CD198E968A0055A5BE /* main.m */,
				F9A7C5CF198E968A0055A5BE /* Eleczon-Prefix.pch */,
			);
			name = "Supporting Files";
			sourceTree = "<group>";
		};
		F9A7C5EE198E968A0055A5BE /* EleczonTests */ = {
			isa = PBXGroup;
			children = (
				F9A7C5F4198E968A0055A5BE /* EleczonTests.m */,
				F9A7C5EF198E968A0055A5BE /* Supporting Files */,
			);
			path = EleczonTests;
			sourceTree = "<group>";
		};
		F9A7C5EF198E968A0055A5BE /* Supporting Files */ = {
			isa = PBXGroup;
			children = (
				F9A7C5F0198E968A0055A5BE /* EleczonTests-Info.plist */,
				F9A7C5F1198E968A0055A5BE /* InfoPlist.strings */,
			);
			name = "Supporting Files";
			sourceTree = "<group>";
		};
/* End PBXGroup section */

/* Begin PBXNativeTarget section */
		F9A7C5BB198E968A0055A5BE /* Eleczon */ = {
			isa = PBXNativeTarget;
			buildConfigurationList = F9A7C5F8198E968A0055A5BE /* Build configuration list for PBXNativeTarget "Eleczon" */;
			buildPhases = (
				F9A7C5B8198E968A0055A5BE /* Sources */,
				F9A7C5B9198E968A0055A5BE /* Frameworks */,
				F9A7C5BA198E968A0055A5BE /* Resources */,
			);
			buildRules = (
			);
			dependencies = (
			);
			name = Eleczon;
			productName = Eleczon;
			productReference = F9A7C5BC198E968A0055A5BE /* Eleczon.app */;
			productType = "com.apple.product-type.application";
		};
		F9A7C5E6198E968A0055A5BE /* EleczonTests */ = {
			isa = PBXNativeTarget;
			buildConfigurationList = F9A7C5FB198E968A0055A5BE /* Build configuration list for PBXNativeTarget "EleczonTests" */;
			buildPhases = (
				F9A7C5E3198E968A0055A5BE /* Sources */,
				F9A7C5E4198E968A0055A5BE /* Frameworks */,
				F9A7C5E5198E968A0055A5BE /* Resources */,
			);
			buildRules = (
			);
			dependencies = (
				F9A7C5ED198E968A0055A5BE /* PBXTargetDependency */,
			);
			name = EleczonTests;
			productName = EleczonTests;
			productReference = F9A7C5E7198E968A0055A5BE /* EleczonTests.xctest */;
			productType = "com.apple.product-type.bundle.unit-test";
		};
/* End PBXNativeTarget section */

/* Begin PBXProject section */
		F9A7C5B4198E968A0055A5BE /* Project object */ = {
			isa = PBXProject;
			attributes = {
				LastUpgradeCheck = 0510;
				ORGANIZATIONNAME = "Akshay Srinivasan";
				TargetAttributes = {
					F9A7C5BB198E968A0055A5BE = {
						DevelopmentTeam = S3963LZHDS;
						SystemCapabilities = {
							com.apple.GameCenter = {
								enabled = 1;
							};
						};
					};
					F9A7C5E6198E968A0055A5BE = {
						TestTargetID = F9A7C5BB198E968A0055A5BE;
					};
				};
			};
			buildConfigurationList = F9A7C5B7198E968A0055A5BE /* Build configuration list for PBXProject "Eleczon" */;
			compatibilityVersion = "Xcode 3.2";
			developmentRegion = English;
			hasScannedForEncodings = 0;
			knownRegions = (
				en,
				Base,
			);
			mainGroup = F9A7C5B3198E968A0055A5BE;
			productRefGroup = F9A7C5BD198E968A0055A5BE /* Products */;
			projectDirPath = "";
			projectRoot = "";
			targets = (
				F9A7C5BB198E968A0055A5BE /* Eleczon */,
				F9A7C5E6198E968A0055A5BE /* EleczonTests */,
			);
		};
/* End PBXProject section */

/* Begin PBXResourcesBuildPhase section */
		F9A7C5BA198E968A0055A5BE /* Resources */ = {
			isa = PBXResourcesBuildPhase;
			buildActionMask = 2147483647;
			files = (
				F970DA501991264400400798 /* DischargerEffect.sks in Resources */,
				F9A7C5E2198E968A0055A5BE /* Images.xcassets in Resources */,
				F9BBB5A9199FC2C300052EE9 /* GameStartup.caf in Resources */,
				F9BBB5A8199FC2C300052EE9 /* GameOver.caf in Resources */,
				F9C48AB4199A8AC70080BDAD /* Background2.png in Resources */,
				F9C48AB3199A8AC70080BDAD /* background~ipad.png in Resources */,
				F9BBB5A4199FC2C300052EE9 /* Bomb.caf in Resources */,
				F9BBB5A5199FC2C300052EE9 /* BulletHit.caf in Resources */,
				F9C48AB6199A8AC70080BDAD /* Background2@2x~ipad.png in Resources */,
				F9BBB5AA199FC2C300052EE9 /* Shield.caf in Resources */,
				F9BBB5A6199FC2C300052EE9 /* Charger.caf in Resources */,
				F9C48AB7199A8AC70080BDAD /* Background2~ipad.png in Resources */,
				F9C48AB0199A8AC70080BDAD /* background.png in Resources */,
				F9223A2619929A3B000163F9 /* LevelUpEffect.sks in Resources */,
				F9BBB5AC199FC2C300052EE9 /* Ting.caf in Resources */,
				F970DA4D19911A0500400798 /* ChargerEffect.sks in Resources */,
				F91011FE1993F25C006164A5 /* ShieldEffect.sks in Resources */,
				F9C48AB2199A8AC70080BDAD /* background@2x~ipad.png in Resources */,
				F95FC9F1199625A800148700 /* BubbleEffect.sks in Resources */,
				F9A7C5D8198E968A0055A5BE /* Main_iPad.storyboard in Resources */,
				F9A7C5D5198E968A0055A5BE /* Main_iPhone.storyboard in Resources */,
				F9BBB5AD199FC2C300052EE9 /* Tornado.caf in Resources */,
				F9BBB5A7199FC2C300052EE9 /* Discharge.caf in Resources */,
				F9223A2919929B1A000163F9 /* BulletHitEffect.sks in Resources */,
				F9C48AB1199A8AC70080BDAD /* background@2x.png in Resources */,
				F9C48AA7199A8AB30080BDAD /* Artwork.atlas in Resources */,
				F9A7C5CC198E968A0055A5BE /* InfoPlist.strings in Resources */,
				F9C48AB5199A8AC70080BDAD /* Background2@2x.png in Resources */,
				F9BBB5AB199FC2C300052EE9 /* Thunder.caf in Resources */,
			);
			runOnlyForDeploymentPostprocessing = 0;
		};
		F9A7C5E5198E968A0055A5BE /* Resources */ = {
			isa = PBXResourcesBuildPhase;
			buildActionMask = 2147483647;
			files = (
				F9A7C5F3198E968A0055A5BE /* InfoPlist.strings in Resources */,
			);
			runOnlyForDeploymentPostprocessing = 0;
		};
/* End PBXResourcesBuildPhase section */

/* Begin PBXSourcesBuildPhase section */
		F9A7C5B8198E968A0055A5BE /* Sources */ = {
			isa = PBXSourcesBuildPhase;
			buildActionMask = 2147483647;
			files = (
				F9A7C60B198E96E30055A5BE /* ViewController.m in Sources */,
				F9A7C608198E96E30055A5BE /* GameOver.m in Sources */,
				F91E103519937AAE003D339E /* GameCenter.m in Sources */,
				F9A7C60A198E96E30055A5BE /* MyScene.m in Sources */,
				F9A7C5D2198E968A0055A5BE /* AppDelegate.m in Sources */,
				F9A7C609198E96E30055A5BE /* Level.m in Sources */,
				F9223A221992930F000163F9 /* Help.m in Sources */,
				F9A7C5CE198E968A0055A5BE /* main.m in Sources */,
			);
			runOnlyForDeploymentPostprocessing = 0;
		};
		F9A7C5E3198E968A0055A5BE /* Sources */ = {
			isa = PBXSourcesBuildPhase;
			buildActionMask = 2147483647;
			files = (
				F9A7C5F5198E968A0055A5BE /* EleczonTests.m in Sources */,
			);
			runOnlyForDeploymentPostprocessing = 0;
		};
/* End PBXSourcesBuildPhase section */

/* Begin PBXTargetDependency section */
		F9A7C5ED198E968A0055A5BE /* PBXTargetDependency */ = {
			isa = PBXTargetDependency;
			target = F9A7C5BB198E968A0055A5BE /* Eleczon */;
			targetProxy = F9A7C5EC198E968A0055A5BE /* PBXContainerItemProxy */;
		};
/* End PBXTargetDependency section */

/* Begin PBXVariantGroup section */
		F9A7C5CA198E968A0055A5BE /* InfoPlist.strings */ = {
			isa = PBXVariantGroup;
			children = (
				F9A7C5CB198E968A0055A5BE /* en */,
			);
			name = InfoPlist.strings;
			sourceTree = "<group>";
		};
		F9A7C5D3198E968A0055A5BE /* Main_iPhone.storyboard */ = {
			isa = PBXVariantGroup;
			children = (
				F9A7C5D4198E968A0055A5BE /* Base */,
			);
			name = Main_iPhone.storyboard;
			sourceTree = "<group>";
		};
		F9A7C5D6198E968A0055A5BE /* Main_iPad.storyboard */ = {
			isa = PBXVariantGroup;
			children = (
				F9A7C5D7198E968A0055A5BE /* Base */,
			);
			name = Main_iPad.storyboard;
			sourceTree = "<group>";
		};
		F9A7C5F1198E968A0055A5BE /* InfoPlist.strings */ = {
			isa = PBXVariantGroup;
			children = (
				F9A7C5F2198E968A0055A5BE /* en */,
			);
			name = InfoPlist.strings;
			sourceTree = "<group>";
		};
/* End PBXVariantGroup section */

/* Begin XCBuildConfiguration section */
		F9A7C5F6198E968A0055A5BE /* Debug */ = {
			isa = XCBuildConfiguration;
			buildSettings = {
				ALWAYS_SEARCH_USER_PATHS = NO;
				CLANG_CXX_LANGUAGE_STANDARD = "gnu++0x";
				CLANG_CXX_LIBRARY = "libc++";
				CLANG_ENABLE_MODULES = YES;
				CLANG_ENABLE_OBJC_ARC = YES;
				CLANG_WARN_BOOL_CONVERSION = YES;
				CLANG_WARN_CONSTANT_CONVERSION = YES;
				CLANG_WARN_DIRECT_OBJC_ISA_USAGE = YES_ERROR;
				CLANG_WARN_EMPTY_BODY = YES;
				CLANG_WARN_ENUM_CONVERSION = YES;
				CLANG_WARN_INT_CONVERSION = YES;
				CLANG_WARN_OBJC_ROOT_CLASS = YES_ERROR;
				CLANG_WARN__DUPLICATE_METHOD_MATCH = YES;
				"CODE_SIGN_IDENTITY[sdk=iphoneos*]" = "iPhone Developer";
				COPY_PHASE_STRIP = NO;
				GCC_C_LANGUAGE_STANDARD = gnu99;
				GCC_DYNAMIC_NO_PIC = NO;
				GCC_OPTIMIZATION_LEVEL = 0;
				GCC_PREPROCESSOR_DEFINITIONS = (
					"DEBUG=1",
					"$(inherited)",
				);
				GCC_SYMBOLS_PRIVATE_EXTERN = NO;
				GCC_WARN_64_TO_32_BIT_CONVERSION = YES;
				GCC_WARN_ABOUT_RETURN_TYPE = YES_ERROR;
				GCC_WARN_UNDECLARED_SELECTOR = YES;
				GCC_WARN_UNINITIALIZED_AUTOS = YES_AGGRESSIVE;
				GCC_WARN_UNUSED_FUNCTION = YES;
				GCC_WARN_UNUSED_VARIABLE = YES;
				IPHONEOS_DEPLOYMENT_TARGET = 7.1;
				ONLY_ACTIVE_ARCH = YES;
				SDKROOT = iphoneos;
				TARGETED_DEVICE_FAMILY = "1,2";
			};
			name = Debug;
		};
		F9A7C5F7198E968A0055A5BE /* Release */ = {
			isa = XCBuildConfiguration;
			buildSettings = {
				ALWAYS_SEARCH_USER_PATHS = NO;
				CLANG_CXX_LANGUAGE_STANDARD = "gnu++0x";
				CLANG_CXX_LIBRARY = "libc++";
				CLANG_ENABLE_MODULES = YES;
				CLANG_ENABLE_OBJC_ARC = YES;
				CLANG_WARN_BOOL_CONVERSION = YES;
				CLANG_WARN_CONSTANT_CONVERSION = YES;
				CLANG_WARN_DIRECT_OBJC_ISA_USAGE = YES_ERROR;
				CLANG_WARN_EMPTY_BODY = YES;
				CLANG_WARN_ENUM_CONVERSION = YES;
				CLANG_WARN_INT_CONVERSION = YES;
				CLANG_WARN_OBJC_ROOT_CLASS = YES_ERROR;
				CLANG_WARN__DUPLICATE_METHOD_MATCH = YES;
				"CODE_SIGN_IDENTITY[sdk=iphoneos*]" = "iPhone Developer";
				COPY_PHASE_STRIP = YES;
				ENABLE_NS_ASSERTIONS = NO;
				GCC_C_LANGUAGE_STANDARD = gnu99;
				GCC_WARN_64_TO_32_BIT_CONVERSION = YES;
				GCC_WARN_ABOUT_RETURN_TYPE = YES_ERROR;
				GCC_WARN_UNDECLARED_SELECTOR = YES;
				GCC_WARN_UNINITIALIZED_AUTOS = YES_AGGRESSIVE;
				GCC_WARN_UNUSED_FUNCTION = YES;
				GCC_WARN_UNUSED_VARIABLE = YES;
				IPHONEOS_DEPLOYMENT_TARGET = 7.1;
				SDKROOT = iphoneos;
				TARGETED_DEVICE_FAMILY = "1,2";
				VALIDATE_PRODUCT = YES;
			};
			name = Release;
		};
		F9A7C5F9198E968A0055A5BE /* Debug */ = {
			isa = XCBuildConfiguration;
			buildSettings = {
				ASSETCATALOG_COMPILER_APPICON_NAME = AppIcon;
				ASSETCATALOG_COMPILER_LAUNCHIMAGE_NAME = LaunchImage;
				CODE_SIGN_IDENTITY = "iPhone Developer";
				"CODE_SIGN_IDENTITY[sdk=iphoneos*]" = "iPhone Developer";
				GCC_PRECOMPILE_PREFIX_HEADER = YES;
				GCC_PREFIX_HEADER = "Eleczon/Eleczon-Prefix.pch";
				INFOPLIST_FILE = "Eleczon/Eleczon-Info.plist";
				IPHONEOS_DEPLOYMENT_TARGET = 7.1;
				PRODUCT_NAME = "$(TARGET_NAME)";
				PROVISIONING_PROFILE = "";
				SPRITEKIT_TEXTURE_ATLAS_OUTPUT = YES;
				WRAPPER_EXTENSION = app;
			};
			name = Debug;
		};
		F9A7C5FA198E968A0055A5BE /* Release */ = {
			isa = XCBuildConfiguration;
			buildSettings = {
				ASSETCATALOG_COMPILER_APPICON_NAME = AppIcon;
				ASSETCATALOG_COMPILER_LAUNCHIMAGE_NAME = LaunchImage;
				CODE_SIGN_IDENTITY = "iPhone Developer";
				"CODE_SIGN_IDENTITY[sdk=iphoneos*]" = "iPhone Developer";
				GCC_PRECOMPILE_PREFIX_HEADER = YES;
				GCC_PREFIX_HEADER = "Eleczon/Eleczon-Prefix.pch";
				INFOPLIST_FILE = "Eleczon/Eleczon-Info.plist";
				IPHONEOS_DEPLOYMENT_TARGET = 7.1;
				PRODUCT_NAME = "$(TARGET_NAME)";
				PROVISIONING_PROFILE = "";
				SPRITEKIT_TEXTURE_ATLAS_OUTPUT = YES;
				WRAPPER_EXTENSION = app;
			};
			name = Release;
		};
		F9A7C5FC198E968A0055A5BE /* Debug */ = {
			isa = XCBuildConfiguration;
			buildSettings = {
				BUNDLE_LOADER = "$(BUILT_PRODUCTS_DIR)/Eleczon.app/Eleczon";
				FRAMEWORK_SEARCH_PATHS = (
					"$(SDKROOT)/Developer/Library/Frameworks",
					"$(inherited)",
					"$(DEVELOPER_FRAMEWORKS_DIR)",
				);
				GCC_PRECOMPILE_PREFIX_HEADER = YES;
				GCC_PREFIX_HEADER = "Eleczon/Eleczon-Prefix.pch";
				GCC_PREPROCESSOR_DEFINITIONS = (
					"DEBUG=1",
					"$(inherited)",
				);
				INFOPLIST_FILE = "EleczonTests/EleczonTests-Info.plist";
				PRODUCT_NAME = "$(TARGET_NAME)";
				TEST_HOST = "$(BUNDLE_LOADER)";
				WRAPPER_EXTENSION = xctest;
			};
			name = Debug;
		};
		F9A7C5FD198E968A0055A5BE /* Release */ = {
			isa = XCBuildConfiguration;
			buildSettings = {
				BUNDLE_LOADER = "$(BUILT_PRODUCTS_DIR)/Eleczon.app/Eleczon";
				FRAMEWORK_SEARCH_PATHS = (
					"$(SDKROOT)/Developer/Library/Frameworks",
					"$(inherited)",
					"$(DEVELOPER_FRAMEWORKS_DIR)",
				);
				GCC_PRECOMPILE_PREFIX_HEADER = YES;
				GCC_PREFIX_HEADER = "Eleczon/Eleczon-Prefix.pch";
				INFOPLIST_FILE = "EleczonTests/EleczonTests-Info.plist";
				PRODUCT_NAME = "$(TARGET_NAME)";
				TEST_HOST = "$(BUNDLE_LOADER)";
				WRAPPER_EXTENSION = xctest;
			};
			name = Release;
		};
/* End XCBuildConfiguration section */

/* Begin XCConfigurationList section */
		F9A7C5B7198E968A0055A5BE /* Build configuration list for PBXProject "Eleczon" */ = {
			isa = XCConfigurationList;
			buildConfigurations = (
				F9A7C5F6198E968A0055A5BE /* Debug */,
				F9A7C5F7198E968A0055A5BE /* Release */,
			);
			defaultConfigurationIsVisible = 0;
			defaultConfigurationName = Release;
		};
		F9A7C5F8198E968A0055A5BE /* Build configuration list for PBXNativeTarget "Eleczon" */ = {
			isa = XCConfigurationList;
			buildConfigurations = (
				F9A7C5F9198E968A0055A5BE /* Debug */,
				F9A7C5FA198E968A0055A5BE /* Release */,
			);
			defaultConfigurationIsVisible = 0;
			defaultConfigurationName = Release;
		};
		F9A7C5FB198E968A0055A5BE /* Build configuration list for PBXNativeTarget "EleczonTests" */ = {
			isa = XCConfigurationList;
			buildConfigurations = (
				F9A7C5FC198E968A0055A5BE /* Debug */,
				F9A7C5FD198E968A0055A5BE /* Release */,
			);
			defaultConfigurationIsVisible = 0;
			defaultConfigurationName = Release;
		};
/* End XCConfigurationList section */
	};
	rootObject = F9A7C5B4198E968A0055A5BE /* Project object */;
}
